
Microsoft Visual Studio Solution File, Format Version 12.00
# Visual Studio 2012
Project("{FAE04EC0-301F-11D3-BF4B-00C04F79EFBC}") = "StephenZeng.TaxCalculator.Domain", "StephenZeng.TaxCalculator.Domain\StephenZeng.TaxCalculator.Domain.csproj", "{DF69FC3C-E9C6-4C70-B154-D2FA0F043AF2}"
EndProject
Project("{FAE04EC0-301F-11D3-BF4B-00C04F79EFBC}") = "StephenZeng.TaxCalculator.Domain.Test", "StephenZeng.TaxCalculator.Domain.Test\StephenZeng.TaxCalculator.Domain.Test.csproj", "{9DC1D8A6-9DF8-4B9D-856C-0DA2F53AF574}"
EndProject
Project("{FAE04EC0-301F-11D3-BF4B-00C04F79EFBC}") = "StephenZeng.TaxCalculator.Web", "StephenZeng.TaxCalculator.Web\StephenZeng.TaxCalculator.Web.csproj", "{3AF5AB51-055E-4DCF-BD87-FE487520614C}"
EndProject
Project("{2150E333-8FDC-42A3-9474-1A3956D46DE8}") = ".nuget", ".nuget", "{43752D75-E889-4873-8E9B-60AF8CE20A35}"
	ProjectSection(SolutionItems) = preProject
		.nuget\packages.config = .nuget\packages.config
	EndProjectSection
EndProject
Project("{FAE04EC0-301F-11D3-BF4B-00C04F79EFBC}") = "StephenZeng.TaxCalculator.Web.Test", "StephenZeng.TaxCalculator.Web.Test\StephenZeng.TaxCalculator.Web.Test.csproj", "{A1C5E6F5-BE97-4CF8-BA2A-9765129E3162}"
EndProject
Global
	GlobalSection(SolutionConfigurationPlatforms) = preSolution
		Debug|Any CPU = Debug|Any CPU
		Release|Any CPU = Release|Any CPU
	EndGlobalSection
	GlobalSection(ProjectConfigurationPlatforms) = postSolution
		{DF69FC3C-E9C6-4C70-B154-D2FA0F043AF2}.Debug|Any CPU.ActiveCfg = Debug|Any CPU
		{DF69FC3C-E9C6-4C70-B154-D2FA0F043AF2}.Debug|Any CPU.Build.0 = Debug|Any CPU
		{DF69FC3C-E9C6-4C70-B154-D2FA0F043AF2}.Release|Any CPU.ActiveCfg = Release|Any CPU
		{DF69FC3C-E9C6-4C70-B154-D2FA0F043AF2}.Release|Any CPU.Build.0 = Release|Any CPU
		{9DC1D8A6-9DF8-4B9D-856C-0DA2F53AF574}.Debug|Any CPU.ActiveCfg = Debug|Any CPU
		{9DC1D8A6-9DF8-4B9D-856C-0DA2F53AF574}.Debug|Any CPU.Build.0 = Debug|Any CPU
		{9DC1D8A6-9DF8-4B9D-856C-0DA2F53AF574}.Release|Any CPU.ActiveCfg = Release|Any CPU
		{9DC1D8A6-9DF8-4B9D-856C-0DA2F53AF574}.Release|Any CPU.Build.0 = Release|Any CPU
		{3AF5AB51-055E-4DCF-BD87-FE487520614C}.Debug|Any CPU.ActiveCfg = Debug|Any CPU
		{3AF5AB51-055E-4DCF-BD87-FE487520614C}.Debug|Any CPU.Build.0 = Debug|Any CPU
		{3AF5AB51-055E-4DCF-BD87-FE487520614C}.Release|Any CPU.ActiveCfg = Release|Any CPU
		{3AF5AB51-055E-4DCF-BD87-FE487520614C}.Release|Any CPU.Build.0 = Release|Any CPU
		{A1C5E6F5-BE97-4CF8-BA2A-9765129E3162}.Debug|Any CPU.ActiveCfg = Debug|Any CPU
		{A1C5E6F5-BE97-4CF8-BA2A-9765129E3162}.Debug|Any CPU.Build.0 = Debug|Any CPU
		{A1C5E6F5-BE97-4CF8-BA2A-9765129E3162}.Release|Any CPU.ActiveCfg = Release|Any CPU
		{A1C5E6F5-BE97-4CF8-BA2A-9765129E3162}.Release|Any CPU.Build.0 = Release|Any CPU
	EndGlobalSection
	GlobalSection(SolutionProperties) = preSolution
		HideSolutionNode = FALSE
	EndGlobalSection
EndGlobal
